
Microsoft Visual Studio Solution File, Format Version 12.00
# Visual Studio 2013
VisualStudioVersion = 12.0.40629.0
MinimumVisualStudioVersion = 10.0.40219.1
Project("{FAE04EC0-301F-11D3-BF4B-00C04F79EFBC}") = "Assign4Test", "Assign4Test\Assign4Test.csproj", "{58B58626-5A51-4852-A599-AC6EF014181B}"
EndProject
Project("{FAE04EC0-301F-11D3-BF4B-00C04F79EFBC}") = "testingAssign4Test", "testingAssign4Test\testingAssign4Test.csproj", "{66FE55F9-BD81-407D-A9C8-A8F7D6F44C72}"
EndProject
Global
	GlobalSection(SolutionConfigurationPlatforms) = preSolution
		Debug|Any CPU = Debug|Any CPU
		Release|Any CPU = Release|Any CPU
	EndGlobalSection
	GlobalSection(ProjectConfigurationPlatforms) = postSolution
		{58B58626-5A51-4852-A599-AC6EF014181B}.Debug|Any CPU.ActiveCfg = Debug|Any CPU
		{58B58626-5A51-4852-A599-AC6EF014181B}.Debug|Any CPU.Build.0 = Debug|Any CPU
		{58B58626-5A51-4852-A599-AC6EF014181B}.Release|Any CPU.ActiveCfg = Release|Any CPU
		{58B58626-5A51-4852-A599-AC6EF014181B}.Release|Any CPU.Build.0 = Release|Any CPU
		{66FE55F9-BD81-407D-A9C8-A8F7D6F44C72}.Debug|Any CPU.ActiveCfg = Debug|Any CPU
		{66FE55F9-BD81-407D-A9C8-A8F7D6F44C72}.Debug|Any CPU.Build.0 = Debug|Any CPU
		{66FE55F9-BD81-407D-A9C8-A8F7D6F44C72}.Release|Any CPU.ActiveCfg = Release|Any CPU
		{66FE55F9-BD81-407D-A9C8-A8F7D6F44C72}.Release|Any CPU.Build.0 = Release|Any CPU
	EndGlobalSection
	GlobalSection(SolutionProperties) = preSolution
		HideSolutionNode = FALSE
	EndGlobalSection
EndGlobal
